
Microsoft Visual Studio Solution File, Format Version 12.00
# Visual Studio 15
VisualStudioVersion = 15.0.28307.329
MinimumVisualStudioVersion = 10.0.40219.1
Project("{8BC9CEB8-8B4A-11D0-8D11-00A0C91BC942}") = "NEngine", "NEngine\NEngine.vcxproj", "{C46D835A-D755-4909-BCBE-2C28C38D375E}"
EndProject
Global
	GlobalSection(SolutionConfigurationPlatforms) = preSolution
		Debug|x64 = Debug|x64
		Debug|x86 = Debug|x86
		Release|x64 = Release|x64
		Release|x86 = Release|x86
	EndGlobalSection
	GlobalSection(ProjectConfigurationPlatforms) = postSolution
		{C46D835A-D755-4909-BCBE-2C28C38D375E}.Debug|x64.ActiveCfg = Debug|x64
		{C46D835A-D755-4909-BCBE-2C28C38D375E}.Debug|x64.Build.0 = Debug|x64
		{C46D835A-D755-4909-BCBE-2C28C38D375E}.Debug|x86.ActiveCfg = Debug|Win32
		{C46D835A-D755-4909-BCBE-2C28C38D375E}.Debug|x86.Build.0 = Debug|Win32
		{C46D835A-D755-4909-BCBE-2C28C38D375E}.Release|x64.ActiveCfg = Release|x64
		{C46D835A-D755-4909-BCBE-2C28C38D375E}.Release|x64.Build.0 = Release|x64
		{C46D835A-D755-4909-BCBE-2C28C38D375E}.Release|x86.ActiveCfg = Release|Win32
		{C46D835A-D755-4909-BCBE-2C28C38D375E}.Release|x86.Build.0 = Release|Win32
	EndGlobalSection
	GlobalSection(SolutionProperties) = preSolution
		HideSolutionNode = FALSE
	EndGlobalSection
	GlobalSection(ExtensibilityGlobals) = postSolution
		SolutionGuid = {9CEFDC88-C9E9-4772-9EE5-895E097872E4}
	EndGlobalSection
EndGlobal
